# THIS IS AN AUTOGENERATED FILE. DO NOT EDIT THIS FILE DIRECTLY.
# yarn lockfile v1


"@emotion/is-prop-valid@1.4.0":
  version "1.4.0"
  resolved "https://registry.yarnpkg.com/@emotion/is-prop-valid/-/is-prop-valid-1.4.0.tgz#e9ad47adff0b5c94c72db3669ce46de33edf28c0"
  integrity sha512-QgD4fyscGcbbKwJmqNvUMSE02OsHUa+lAWKdEUIJKgqe5IwRSKd7+KhibEWdaKwgjLj0DRSHA9biAIqGBk05lw==
  dependencies:
    "@emotion/memoize" "^0.9.0"

"@emotion/memoize@^0.9.0":
  version "0.9.0"
  resolved "https://registry.yarnpkg.com/@emotion/memoize/-/memoize-0.9.0.tgz#745969d649977776b43fc7648c556aaa462b4102"
  integrity sha512-30FAj7/EoJ5mwVPOWhAyCX+FPfMDrVecJAM+Iw9NRoSl4BBAQeqj4cApHHUXOVvIPgLVDsCFoz/hGD+5QQD1GQ==

"@emotion/unitless@0.10.0":
  version "0.10.0"
  resolved "https://registry.yarnpkg.com/@emotion/unitless/-/unitless-0.10.0.tgz#2af2f7c7e5150f497bdabd848ce7b218a27cf745"
  integrity sha512-dFoMUuQA20zvtVTuxZww6OHoJYgrzfKM1t52mVySDJnMSEa08ruEvdYQbhvyu6soU+NeLVd3yKfTfT0NeV6qGg==

"@types/hoist-non-react-statics@*":
  version "3.3.7"
  resolved "https://registry.npmjs.org/@types/hoist-non-react-statics/-/hoist-non-react-statics-3.3.7.tgz#306e3a3a73828522efa1341159da4846e7573a6c"
  integrity sha512-PQTyIulDkIDro8P+IHbKCsw7U2xxBYflVzW/FgWdCAePD9xGSidgA76/GeJ6lBKoblyhf9pBY763gbrN+1dI8g==
  dependencies:
    hoist-non-react-statics "^3.3.0"

"@types/node@^25.5.0":
  version "25.5.0"
  resolved "https://registry.npmjs.org/@types/node/-/node-25.5.0.tgz#5c99f37c443d9ccc4985866913f1ed364217da31"
  integrity sha512-jp2P3tQMSxWugkCUKLRPVUpGaL5MVFwF8RDuSRztfwgN1wmqJeMSbKlnEtQqU8UrhTmzEmZdu2I6v2dpp7XIxw==
  dependencies:
    undici-types "~7.18.0"

"@types/react-dom@^19.2.3":
  version "19.2.3"
  resolved "https://registry.npmjs.org/@types/react-dom/-/react-dom-19.2.3.tgz#c1e305d15a52a3e508d54dca770d202cb63abf2c"
  integrity sha512-jp2L/eY6fn+KgVVQAOqYItbF0VY/YApe5Mz2F0aykSO8gx31bYCZyvSeYxCHKvzHG5eZjc+zyaS5BrBWya2+kQ==

"@types/react@*":
  version "19.2.7"
  resolved "https://registry.npmjs.org/@types/react/-/react-19.2.7.tgz#84e62c0f23e8e4e5ac2cadcea1ffeacccae7f62f"
  integrity sha512-MWtvHrGZLFttgeEj28VXHxpmwYbor/ATPYbBfSFZEIRK0ecCFLl2Qo55z52Hss+UV9CRN7trSeq1zbgx7YDWWg==
  dependencies:
    csstype "^3.2.2"

"@types/react@^19.2.14":
  version "19.2.14"
  resolved "https://registry.npmjs.org/@types/react/-/react-19.2.14.tgz#39604929b5e3957e3a6fa0001dafb17c7af70bad"
  integrity sha512-ilcTH/UniCkMdtexkoCN0bI7pMcJDvmQFPvuPvmEaYA/NSfFTAgdUSLAoVjaRJm7+6PvcM+q1zYOwS4wTYMF9w==
  dependencies:
    csstype "^3.2.2"

"@types/styled-components@^5.1.34":
  version "5.1.36"
  resolved "https://registry.npmjs.org/@types/styled-components/-/styled-components-5.1.36.tgz#d63db8ad9005afc82f173012036c4c101dc93d57"
  integrity sha512-pGMRNY5G2rNDKEv2DOiFYa7Ft1r0jrhmgBwHhOMzPTgCjO76bCot0/4uEfqj7K0Jf1KdQmDtAuaDk9EAs9foSw==
  dependencies:
    "@types/hoist-non-react-statics" "*"
    "@types/react" "*"
    csstype "^3.2.2"

"@types/stylis@4.2.7":
  version "4.2.7"
  resolved "https://registry.yarnpkg.com/@types/stylis/-/stylis-4.2.7.tgz#1813190525da9d2a2b6976583bdd4af5301d9fd4"
  integrity sha512-VgDNokpBoKF+wrdvhAAfS55OMQpL6QRglwTwNC3kIgBrzZxA4WsFj+2eLfEA/uMUDzBcEhYmjSbwQakn/i3ajA==

camelize@^1.0.0:
  version "1.0.1"
  resolved "https://registry.npmjs.org/camelize/-/camelize-1.0.1.tgz#89b7e16884056331a35d6b5ad064332c91daa6c3"
  integrity sha512-dU+Tx2fsypxTgtLoE36npi3UqcjSSMNYfkqgmoEhtZrraP5VWq0K7FkWVTYa8eMPtnU/G2txVsfdCJTn9uzpuQ==

css-color-keywords@^1.0.0:
  version "1.0.0"
  resolved "https://registry.npmjs.org/css-color-keywords/-/css-color-keywords-1.0.0.tgz#fea2616dc676b2962686b3af8dbdbe180b244e05"
  integrity sha512-FyyrDHZKEjXDpNJYvVsV960FiqQyXc/LlYmsxl2BcdMb2WPx0OGRVgTg55rPSyLSNMqP52R9r8geSp7apN3Ofg==

css-to-react-native@3.2.0:
  version "3.2.0"
  resolved "https://registry.npmjs.org/css-to-react-native/-/css-to-react-native-3.2.0.tgz#cdd8099f71024e149e4f6fe17a7d46ecd55f1e32"
  integrity sha512-e8RKaLXMOFii+02mOlqwjbD00KSEKqblnpO9e++1aXS1fPQOpS1YoqdVHBqPjHNoxeF2mimzVqawm2KCbEdtHQ==
  dependencies:
    camelize "^1.0.0"
    css-color-keywords "^1.0.0"
    postcss-value-parser "^4.0.2"

csstype@3.2.3, csstype@^3.2.2:
  version "3.2.3"
  resolved "https://registry.npmjs.org/csstype/-/csstype-3.2.3.tgz#ec48c0f3e993e50648c86da559e2610995cf989a"
  integrity sha512-z1HGKcYy2xA8AGQfwrn0PAy+PB7X/GSj3UVJW9qKyn43xWa+gl5nXmU4qqLMRzWVLFC8KusUX8T/0kCiOYpAIQ==

hoist-non-react-statics@^3.3.0:
  version "3.3.2"
  resolved "https://registry.npmjs.org/hoist-non-react-statics/-/hoist-non-react-statics-3.3.2.tgz#ece0acaf71d62c2969c2ec59feff42a4b1a85b45"
  integrity sha512-/gGivxi8JPKWNm/W0jSmzcMPpfpPLc3dY/6GxhX2hQ9iGj3aDfklV4ET7NjKpSinLpJ5vafa9iiGIEZg10SfBw==
  dependencies:
    react-is "^16.7.0"

nanoid@^3.3.7:
  version "3.3.11"
  resolved "https://registry.npmjs.org/nanoid/-/nanoid-3.3.11.tgz#4f4f112cefbe303202f2199838128936266d185b"
  integrity sha512-N8SpfPUnUp1bK+PMYW8qSWdl9U+wwNWI4QKxOYDy9JAro3WMX7p2OeVRF9v+347pnakNevPmiHhNmZ2HbFA76w==

picocolors@^1.1.1:
  version "1.1.1"
  resolved "https://registry.npmjs.org/picocolors/-/picocolors-1.1.1.tgz#3d321af3eab939b083c8f929a1d12cda81c26b6b"
  integrity sha512-xceH2snhtb5M9liqDsmEw56le376mTZkEX/jEb/RxNFyegNul7eNslCXP9FDj/Lcu0X8KEyMceP2ntpaHrDEVA==

postcss-value-parser@^4.0.2:
  version "4.2.0"
  resolved "https://registry.npmjs.org/postcss-value-parser/-/postcss-value-parser-4.2.0.tgz#723c09920836ba6d3e5af019f92bc0971c02e514"
  integrity sha512-1NNCs6uurfkVbeXG4S8JFT9t19m45ICnif8zWLd5oPSZ50QnwMfK+H3jv408d4jw/7Bttv5axS5IiHoLaVNHeQ==

postcss@8.4.49:
  version "8.4.49"
  resolved "https://registry.npmjs.org/postcss/-/postcss-8.4.49.tgz#4ea479048ab059ab3ae61d082190fabfd994fe19"
  integrity sha512-OCVPnIObs4N29kxTjzLfUryOkvZEq+pf8jTF0lg8E7uETuWHA+v7j3c/xJmiqpX450191LlmZfUKkXxkTry7nA==
  dependencies:
    nanoid "^3.3.7"
    picocolors "^1.1.1"
    source-map-js "^1.2.1"

prettier@^3.8.1:
  version "3.8.1"
  resolved "https://registry.yarnpkg.com/prettier/-/prettier-3.8.1.tgz#edf48977cf991558f4fcbd8a3ba6015ba2a3a173"
  integrity sha512-UOnG6LftzbdaHZcKoPFtOcCKztrQ57WkHDeRD9t/PTQtmT0NHSeWWepj6pS0z/N7+08BHFDQVUrfmfMRcZwbMg==

react-is@^16.7.0:
  version "16.13.1"
  resolved "https://registry.npmjs.org/react-is/-/react-is-16.13.1.tgz#789729a4dc36de2999dc156dd6c1d9c18cea56a4"
  integrity sha512-24e6ynE2H+OKt4kqsOvNd8kBpV65zoxbA4BVsEOB3ARVWQki/DHzaUoC5KuON/BiccDaCCTZBuOcfZs70kR8bQ==

shallowequal@1.1.0:
  version "1.1.0"
  resolved "https://registry.npmjs.org/shallowequal/-/shallowequal-1.1.0.tgz#188d521de95b9087404fd4dcb68b13df0ae4e7f8"
  integrity sha512-y0m1JoUZSlPAjXVtPPW70aZWfIL/dSP7AFkRnniLCrK/8MDKog3TySTBmckD+RObVxH0v4Tox67+F14PdED2oQ==

source-map-js@^1.2.1:
  version "1.2.1"
  resolved "https://registry.npmjs.org/source-map-js/-/source-map-js-1.2.1.tgz#1ce5650fddd87abc099eda37dcff024c2667ae46"
  integrity sha512-UXWMKhLOwVKb728IUtQPXxfYU+usdybtUrK/8uGE8CQMvrhOpwvzDBwj0QhSL7MQc7vIsISBG8VQ8+IDQxpfQA==

styled-components@^6.3.11:
  version "6.3.11"
  resolved "https://registry.npmjs.org/styled-components/-/styled-components-6.3.11.tgz#6babdb151a3419b0a79a368353d1dfbe8c5dddbc"
  integrity sha512-opzgceGlQ5rdZdGwf9ddLW7EM2F4L7tgsgLn6fFzQ2JgE5EVQ4HZwNkcgB1p8WfOBx1GEZP3fa66ajJmtXhSrA==
  dependencies:
    "@emotion/is-prop-valid" "1.4.0"
    "@emotion/unitless" "0.10.0"
    "@types/stylis" "4.2.7"
    css-to-react-native "3.2.0"
    csstype "3.2.3"
    postcss "8.4.49"
    shallowequal "1.1.0"
    stylis "4.3.6"
    tslib "2.8.1"

stylis@4.3.6:
  version "4.3.6"
  resolved "https://registry.yarnpkg.com/stylis/-/stylis-4.3.6.tgz#7c7b97191cb4f195f03ecab7d52f7902ed378320"
  integrity sha512-yQ3rwFWRfwNUY7H5vpU0wfdkNSnvnJinhF9830Swlaxl03zsOjCfmX0ugac+3LtK0lYSgwL/KXc8oYL3mG4YFQ==

tslib@2.8.1:
  version "2.8.1"
  resolved "https://registry.yarnpkg.com/tslib/-/tslib-2.8.1.tgz#612efe4ed235d567e8aba5f2a5fab70280ade83f"
  integrity sha512-oJFu94HQb+KVduSUQL7wnpmqnfmLsOA/nAh6b6EH0wCEoK0/mPeXU6c3wKDV83MkOuHPRHtSXKKU99IBazS/2w==

typescript@^5.9.2:
  version "5.9.3"
  resolved "https://registry.npmjs.org/typescript/-/typescript-5.9.3.tgz#5b4f59e15310ab17a216f5d6cf53ee476ede670f"
  integrity sha512-jl1vZzPDinLr9eUt3J/t7V6FgNEw9QjvBPdysz9KfQDD41fQrC2Y4vKQdiaUpFT4bXlb1RHhLpp8wtm6M5TgSw==

undici-types@~7.18.0:
  version "7.18.2"
  resolved "https://registry.npmjs.org/undici-types/-/undici-types-7.18.2.tgz#29357a89e7b7ca4aef3bf0fd3fd0cd73884229e9"
  integrity sha512-AsuCzffGHJybSaRrmr5eHr81mwJU3kjw6M+uprWvCXiNeN9SOGwQ3Jn8jb8m3Z6izVgknn1R0FTCEAP2QrLY/w==
